// !$*UTF8*$!
{
	archiveVersion = 1;
	classes = {
	};
	objectVersion = 56;
	objects = {

/* Begin PBXBuildFile section */
		1079EE7429B9E03900B547CE /* 876. Middle of the Linked List.swift in Sources */ = {isa = PBXBuildFile; fileRef = 1079EE7329B9E03900B547CE /* 876. Middle of the Linked List.swift */; };
		1079EE7629B9E5F900B547CE /* 19. Remove Nth Node From End of List.swift in Sources */ = {isa = PBXBuildFile; fileRef = 1079EE7529B9E5F900B547CE /* 19. Remove Nth Node From End of List.swift */; };
		10A892052997FE320044980A /* main.swift in Sources */ = {isa = PBXBuildFile; fileRef = 10A892042997FE320044980A /* main.swift */; };
		10A892132998015A0044980A /* 1. Two Sum.swift in Sources */ = {isa = PBXBuildFile; fileRef = 10A892122998015A0044980A /* 1. Two Sum.swift */; };
		10A89217299869D70044980A /* 1480. Running Sum of 1d Array.swift in Sources */ = {isa = PBXBuildFile; fileRef = 10A89216299869D70044980A /* 1480. Running Sum of 1d Array.swift */; };
		10A8921B2998855B0044980A /* 724. Find Pivot Index.swift in Sources */ = {isa = PBXBuildFile; fileRef = 10A8921A2998855B0044980A /* 724. Find Pivot Index.swift */; };
		10A8921D2998FAC00044980A /* 205. Isomorphic Strings.swift in Sources */ = {isa = PBXBuildFile; fileRef = 10A8921C2998FAC00044980A /* 205. Isomorphic Strings.swift */; };
		10A8921F29990A1B0044980A /* 392. Is Subsequence.swift in Sources */ = {isa = PBXBuildFile; fileRef = 10A8921E29990A1B0044980A /* 392. Is Subsequence.swift */; };
		10BBD8A029B933360094D4A8 /* 283. Move Zeroes.swift in Sources */ = {isa = PBXBuildFile; fileRef = 10BBD89F29B933360094D4A8 /* 283. Move Zeroes.swift */; };
		10BBD8A229B936810094D4A8 /* 344. Reverse String.swift in Sources */ = {isa = PBXBuildFile; fileRef = 10BBD8A129B936810094D4A8 /* 344. Reverse String.swift */; };
		10BBD8A429B93BB30094D4A8 /* 557. Reverse Words in a String III.swift in Sources */ = {isa = PBXBuildFile; fileRef = 10BBD8A329B93BB30094D4A8 /* 557. Reverse Words in a String III.swift */; };
		10BBD8A629B941640094D4A8 /* 167. Two Sum II - Input Array Is Sorted.swift in Sources */ = {isa = PBXBuildFile; fileRef = 10BBD8A529B941640094D4A8 /* 167. Two Sum II - Input Array Is Sorted.swift */; };
		10D2CAB229B751C500DF7E51 /* 977. Squares of a Sorted Array.swift in Sources */ = {isa = PBXBuildFile; fileRef = 10D2CAB129B751C500DF7E51 /* 977. Squares of a Sorted Array.swift */; };
		10D2CAB429B75A5400DF7E51 /* 189. Rotate Array.swift in Sources */ = {isa = PBXBuildFile; fileRef = 10D2CAB329B75A5400DF7E51 /* 189. Rotate Array.swift */; };
		10D2CAB629B76CF800DF7E51 /* 34. Find First and Last Position of Element in Sorted Array.swift in Sources */ = {isa = PBXBuildFile; fileRef = 10D2CAB529B76CF800DF7E51 /* 34. Find First and Last Position of Element in Sorted Array.swift */; };
		10DC6EC729B561ED005572E8 /* 202. Happy Number.swift in Sources */ = {isa = PBXBuildFile; fileRef = 10DC6EC629B561ED005572E8 /* 202. Happy Number.swift */; };
		10DC6EC929B5CEC4005572E8 /* 704. Binary Search.swift in Sources */ = {isa = PBXBuildFile; fileRef = 10DC6EC829B5CEC4005572E8 /* 704. Binary Search.swift */; };
		10DC6ECB29B5D419005572E8 /* 278. First Bad Version.swift in Sources */ = {isa = PBXBuildFile; fileRef = 10DC6ECA29B5D419005572E8 /* 278. First Bad Version.swift */; };
		10DC6ECD29B5D572005572E8 /* 35. Search Insert Position.swift in Sources */ = {isa = PBXBuildFile; fileRef = 10DC6ECC29B5D572005572E8 /* 35. Search Insert Position.swift */; };
		10E84E5C29BAADE700868A73 /* 121. Best Time to Buy and Sell Stock.swift in Sources */ = {isa = PBXBuildFile; fileRef = 10E84E5B29BAADE700868A73 /* 121. Best Time to Buy and Sell Stock.swift */; };
		10E84E5E29BAB6B600868A73 /* 3. Longest Substring Without Repeating Characters.swift in Sources */ = {isa = PBXBuildFile; fileRef = 10E84E5D29BAB6B600868A73 /* 3. Longest Substring Without Repeating Characters.swift */; };
		D43FEBFD29981ACA005C9CEC /* ADD.swift in Sources */ = {isa = PBXBuildFile; fileRef = D43FEBFC29981ACA005C9CEC /* ADD.swift */; };
/* End PBXBuildFile section */

/* Begin PBXCopyFilesBuildPhase section */
		10A891FF2997FE320044980A /* CopyFiles */ = {
			isa = PBXCopyFilesBuildPhase;
			buildActionMask = 2147483647;
			dstPath = /usr/share/man/man1/;
			dstSubfolderSpec = 0;
			files = (
			);
			runOnlyForDeploymentPostprocessing = 1;
		};
/* End PBXCopyFilesBuildPhase section */

/* Begin PBXFileReference section */
		1079EE7329B9E03900B547CE /* 876. Middle of the Linked List.swift */ = {isa = PBXFileReference; lastKnownFileType = sourcecode.swift; path = "876. Middle of the Linked List.swift"; sourceTree = "<group>"; };
		1079EE7529B9E5F900B547CE /* 19. Remove Nth Node From End of List.swift */ = {isa = PBXFileReference; lastKnownFileType = sourcecode.swift; path = "19. Remove Nth Node From End of List.swift"; sourceTree = "<group>"; };
		10A892012997FE320044980A /* LeetcodeSolutions */ = {isa = PBXFileReference; explicitFileType = "compiled.mach-o.executable"; includeInIndex = 0; path = LeetcodeSolutions; sourceTree = BUILT_PRODUCTS_DIR; };
		10A892042997FE320044980A /* main.swift */ = {isa = PBXFileReference; lastKnownFileType = sourcecode.swift; path = main.swift; sourceTree = "<group>"; };
		10A892122998015A0044980A /* 1. Two Sum.swift */ = {isa = PBXFileReference; lastKnownFileType = sourcecode.swift; path = "1. Two Sum.swift"; sourceTree = "<group>"; };
		10A89216299869D70044980A /* 1480. Running Sum of 1d Array.swift */ = {isa = PBXFileReference; lastKnownFileType = sourcecode.swift; path = "1480. Running Sum of 1d Array.swift"; sourceTree = "<group>"; };
		10A8921A2998855B0044980A /* 724. Find Pivot Index.swift */ = {isa = PBXFileReference; lastKnownFileType = sourcecode.swift; path = "724. Find Pivot Index.swift"; sourceTree = "<group>"; };
		10A8921C2998FAC00044980A /* 205. Isomorphic Strings.swift */ = {isa = PBXFileReference; lastKnownFileType = sourcecode.swift; path = "205. Isomorphic Strings.swift"; sourceTree = "<group>"; };
		10A8921E29990A1B0044980A /* 392. Is Subsequence.swift */ = {isa = PBXFileReference; lastKnownFileType = sourcecode.swift; path = "392. Is Subsequence.swift"; sourceTree = "<group>"; };
		10BBD89F29B933360094D4A8 /* 283. Move Zeroes.swift */ = {isa = PBXFileReference; lastKnownFileType = sourcecode.swift; path = "283. Move Zeroes.swift"; sourceTree = "<group>"; };
		10BBD8A129B936810094D4A8 /* 344. Reverse String.swift */ = {isa = PBXFileReference; lastKnownFileType = sourcecode.swift; path = "344. Reverse String.swift"; sourceTree = "<group>"; };
		10BBD8A329B93BB30094D4A8 /* 557. Reverse Words in a String III.swift */ = {isa = PBXFileReference; lastKnownFileType = sourcecode.swift; path = "557. Reverse Words in a String III.swift"; sourceTree = "<group>"; };
		10BBD8A529B941640094D4A8 /* 167. Two Sum II - Input Array Is Sorted.swift */ = {isa = PBXFileReference; lastKnownFileType = sourcecode.swift; path = "167. Two Sum II - Input Array Is Sorted.swift"; sourceTree = "<group>"; };
		10D2CAB129B751C500DF7E51 /* 977. Squares of a Sorted Array.swift */ = {isa = PBXFileReference; lastKnownFileType = sourcecode.swift; path = "977. Squares of a Sorted Array.swift"; sourceTree = "<group>"; };
		10D2CAB329B75A5400DF7E51 /* 189. Rotate Array.swift */ = {isa = PBXFileReference; lastKnownFileType = sourcecode.swift; path = "189. Rotate Array.swift"; sourceTree = "<group>"; };
		10D2CAB529B76CF800DF7E51 /* 34. Find First and Last Position of Element in Sorted Array.swift */ = {isa = PBXFileReference; lastKnownFileType = sourcecode.swift; path = "34. Find First and Last Position of Element in Sorted Array.swift"; sourceTree = "<group>"; };
		10DC6EC629B561ED005572E8 /* 202. Happy Number.swift */ = {isa = PBXFileReference; lastKnownFileType = sourcecode.swift; path = "202. Happy Number.swift"; sourceTree = "<group>"; };
		10DC6EC829B5CEC4005572E8 /* 704. Binary Search.swift */ = {isa = PBXFileReference; lastKnownFileType = sourcecode.swift; path = "704. Binary Search.swift"; sourceTree = "<group>"; };
		10DC6ECA29B5D419005572E8 /* 278. First Bad Version.swift */ = {isa = PBXFileReference; lastKnownFileType = sourcecode.swift; path = "278. First Bad Version.swift"; sourceTree = "<group>"; };
		10DC6ECC29B5D572005572E8 /* 35. Search Insert Position.swift */ = {isa = PBXFileReference; lastKnownFileType = sourcecode.swift; path = "35. Search Insert Position.swift"; sourceTree = "<group>"; };
		10E84E5B29BAADE700868A73 /* 121. Best Time to Buy and Sell Stock.swift */ = {isa = PBXFileReference; lastKnownFileType = sourcecode.swift; path = "121. Best Time to Buy and Sell Stock.swift"; sourceTree = "<group>"; };
		10E84E5D29BAB6B600868A73 /* 3. Longest Substring Without Repeating Characters.swift */ = {isa = PBXFileReference; lastKnownFileType = sourcecode.swift; path = "3. Longest Substring Without Repeating Characters.swift"; sourceTree = "<group>"; };
		D43FEBFC29981ACA005C9CEC /* ADD.swift */ = {isa = PBXFileReference; lastKnownFileType = sourcecode.swift; path = ADD.swift; sourceTree = "<group>"; };
/* End PBXFileReference section */

/* Begin PBXFrameworksBuildPhase section */
		10A891FE2997FE320044980A /* Frameworks */ = {
			isa = PBXFrameworksBuildPhase;
			buildActionMask = 2147483647;
			files = (
			);
			runOnlyForDeploymentPostprocessing = 0;
		};
/* End PBXFrameworksBuildPhase section */

/* Begin PBXGroup section */
		10A891F82997FE320044980A = {
			isa = PBXGroup;
			children = (
				10A892032997FE320044980A /* LeetcodeSolutions */,
				10A892022997FE320044980A /* Products */,
			);
			sourceTree = "<group>";
		};
		10A892022997FE320044980A /* Products */ = {
			isa = PBXGroup;
			children = (
				10A892012997FE320044980A /* LeetcodeSolutions */,
			);
			name = Products;
			sourceTree = "<group>";
		};
		10A892032997FE320044980A /* LeetcodeSolutions */ = {
			isa = PBXGroup;
			children = (
				10A892042997FE320044980A /* main.swift */,
				10A89216299869D70044980A /* 1480. Running Sum of 1d Array.swift */,
				10A892122998015A0044980A /* 1. Two Sum.swift */,
				D43FEBFC29981ACA005C9CEC /* ADD.swift */,
				10A8921A2998855B0044980A /* 724. Find Pivot Index.swift */,
				10A8921C2998FAC00044980A /* 205. Isomorphic Strings.swift */,
				10A8921E29990A1B0044980A /* 392. Is Subsequence.swift */,
				10DC6EC629B561ED005572E8 /* 202. Happy Number.swift */,
				10DC6EC829B5CEC4005572E8 /* 704. Binary Search.swift */,
				10DC6ECA29B5D419005572E8 /* 278. First Bad Version.swift */,
				10DC6ECC29B5D572005572E8 /* 35. Search Insert Position.swift */,
				10D2CAB129B751C500DF7E51 /* 977. Squares of a Sorted Array.swift */,
				10D2CAB329B75A5400DF7E51 /* 189. Rotate Array.swift */,
				10D2CAB529B76CF800DF7E51 /* 34. Find First and Last Position of Element in Sorted Array.swift */,
				10BBD89F29B933360094D4A8 /* 283. Move Zeroes.swift */,
				10BBD8A129B936810094D4A8 /* 344. Reverse String.swift */,
				10BBD8A329B93BB30094D4A8 /* 557. Reverse Words in a String III.swift */,
				10BBD8A529B941640094D4A8 /* 167. Two Sum II - Input Array Is Sorted.swift */,
				1079EE7329B9E03900B547CE /* 876. Middle of the Linked List.swift */,
				1079EE7529B9E5F900B547CE /* 19. Remove Nth Node From End of List.swift */,
				10E84E5B29BAADE700868A73 /* 121. Best Time to Buy and Sell Stock.swift */,
				10E84E5D29BAB6B600868A73 /* 3. Longest Substring Without Repeating Characters.swift */,
			);
			path = LeetcodeSolutions;
			sourceTree = "<group>";
		};
/* End PBXGroup section */

/* Begin PBXNativeTarget section */
		10A892002997FE320044980A /* LeetcodeSolutions */ = {
			isa = PBXNativeTarget;
			buildConfigurationList = 10A892082997FE320044980A /* Build configuration list for PBXNativeTarget "LeetcodeSolutions" */;
			buildPhases = (
				10A891FD2997FE320044980A /* Sources */,
				10A891FE2997FE320044980A /* Frameworks */,
				10A891FF2997FE320044980A /* CopyFiles */,
			);
			buildRules = (
			);
			dependencies = (
			);
			name = LeetcodeSolutions;
			productName = LeetcodeSolutions;
			productReference = 10A892012997FE320044980A /* LeetcodeSolutions */;
			productType = "com.apple.product-type.tool";
		};
/* End PBXNativeTarget section */

/* Begin PBXProject section */
		10A891F92997FE320044980A /* Project object */ = {
			isa = PBXProject;
			attributes = {
				BuildIndependentTargetsInParallel = 1;
				LastSwiftUpdateCheck = 1420;
				LastUpgradeCheck = 1420;
				TargetAttributes = {
					10A892002997FE320044980A = {
						CreatedOnToolsVersion = 14.2;
					};
				};
			};
			buildConfigurationList = 10A891FC2997FE320044980A /* Build configuration list for PBXProject "LeetcodeSolutions" */;
			compatibilityVersion = "Xcode 14.0";
			developmentRegion = en;
			hasScannedForEncodings = 0;
			knownRegions = (
				en,
				Base,
			);
			mainGroup = 10A891F82997FE320044980A;
			productRefGroup = 10A892022997FE320044980A /* Products */;
			projectDirPath = "";
			projectRoot = "";
			targets = (
				10A892002997FE320044980A /* LeetcodeSolutions */,
			);
		};
/* End PBXProject section */

/* Begin PBXSourcesBuildPhase section */
		10A891FD2997FE320044980A /* Sources */ = {
			isa = PBXSourcesBuildPhase;
			buildActionMask = 2147483647;
			files = (
				10BBD8A229B936810094D4A8 /* 344. Reverse String.swift in Sources */,
				10A89217299869D70044980A /* 1480. Running Sum of 1d Array.swift in Sources */,
				10A892052997FE320044980A /* main.swift in Sources */,
				1079EE7629B9E5F900B547CE /* 19. Remove Nth Node From End of List.swift in Sources */,
				D43FEBFD29981ACA005C9CEC /* ADD.swift in Sources */,
				10A892132998015A0044980A /* 1. Two Sum.swift in Sources */,
				10A8921D2998FAC00044980A /* 205. Isomorphic Strings.swift in Sources */,
				10DC6ECB29B5D419005572E8 /* 278. First Bad Version.swift in Sources */,
				10D2CAB229B751C500DF7E51 /* 977. Squares of a Sorted Array.swift in Sources */,
				1079EE7429B9E03900B547CE /* 876. Middle of the Linked List.swift in Sources */,
				10BBD8A029B933360094D4A8 /* 283. Move Zeroes.swift in Sources */,
				10A8921F29990A1B0044980A /* 392. Is Subsequence.swift in Sources */,
				10BBD8A629B941640094D4A8 /* 167. Two Sum II - Input Array Is Sorted.swift in Sources */,
				10DC6EC929B5CEC4005572E8 /* 704. Binary Search.swift in Sources */,
				10BBD8A429B93BB30094D4A8 /* 557. Reverse Words in a String III.swift in Sources */,
				10E84E5E29BAB6B600868A73 /* 3. Longest Substring Without Repeating Characters.swift in Sources */,
				10A8921B2998855B0044980A /* 724. Find Pivot Index.swift in Sources */,
				10E84E5C29BAADE700868A73 /* 121. Best Time to Buy and Sell Stock.swift in Sources */,
				10D2CAB629B76CF800DF7E51 /* 34. Find First and Last Position of Element in Sorted Array.swift in Sources */,
				10D2CAB429B75A5400DF7E51 /* 189. Rotate Array.swift in Sources */,
				10DC6EC729B561ED005572E8 /* 202. Happy Number.swift in Sources */,
				10DC6ECD29B5D572005572E8 /* 35. Search Insert Position.swift in Sources */,
			);
			runOnlyForDeploymentPostprocessing = 0;
		};
/* End PBXSourcesBuildPhase section */

/* Begin XCBuildConfiguration section */
		10A892062997FE320044980A /* Debug */ = {
			isa = XCBuildConfiguration;
			buildSettings = {
				ALWAYS_SEARCH_USER_PATHS = NO;
				CLANG_ANALYZER_NONNULL = YES;
				CLANG_ANALYZER_NUMBER_OBJECT_CONVERSION = YES_AGGRESSIVE;
				CLANG_CXX_LANGUAGE_STANDARD = "gnu++20";
				CLANG_ENABLE_MODULES = YES;
				CLANG_ENABLE_OBJC_ARC = YES;
				CLANG_ENABLE_OBJC_WEAK = YES;
				CLANG_WARN_BLOCK_CAPTURE_AUTORELEASING = YES;
				CLANG_WARN_BOOL_CONVERSION = YES;
				CLANG_WARN_COMMA = YES;
				CLANG_WARN_CONSTANT_CONVERSION = YES;
				CLANG_WARN_DEPRECATED_OBJC_IMPLEMENTATIONS = YES;
				CLANG_WARN_DIRECT_OBJC_ISA_USAGE = YES_ERROR;
				CLANG_WARN_DOCUMENTATION_COMMENTS = YES;
				CLANG_WARN_EMPTY_BODY = YES;
				CLANG_WARN_ENUM_CONVERSION = YES;
				CLANG_WARN_INFINITE_RECURSION = YES;
				CLANG_WARN_INT_CONVERSION = YES;
				CLANG_WARN_NON_LITERAL_NULL_CONVERSION = YES;
				CLANG_WARN_OBJC_IMPLICIT_RETAIN_SELF = YES;
				CLANG_WARN_OBJC_LITERAL_CONVERSION = YES;
				CLANG_WARN_OBJC_ROOT_CLASS = YES_ERROR;
				CLANG_WARN_QUOTED_INCLUDE_IN_FRAMEWORK_HEADER = YES;
				CLANG_WARN_RANGE_LOOP_ANALYSIS = YES;
				CLANG_WARN_STRICT_PROTOTYPES = YES;
				CLANG_WARN_SUSPICIOUS_MOVE = YES;
				CLANG_WARN_UNGUARDED_AVAILABILITY = YES_AGGRESSIVE;
				CLANG_WARN_UNREACHABLE_CODE = YES;
				CLANG_WARN__DUPLICATE_METHOD_MATCH = YES;
				COPY_PHASE_STRIP = NO;
				DEBUG_INFORMATION_FORMAT = dwarf;
				ENABLE_STRICT_OBJC_MSGSEND = YES;
				ENABLE_TESTABILITY = YES;
				GCC_C_LANGUAGE_STANDARD = gnu11;
				GCC_DYNAMIC_NO_PIC = NO;
				GCC_NO_COMMON_BLOCKS = YES;
				GCC_OPTIMIZATION_LEVEL = 0;
				GCC_PREPROCESSOR_DEFINITIONS = (
					"DEBUG=1",
					"$(inherited)",
				);
				GCC_WARN_64_TO_32_BIT_CONVERSION = YES;
				GCC_WARN_ABOUT_RETURN_TYPE = YES_ERROR;
				GCC_WARN_UNDECLARED_SELECTOR = YES;
				GCC_WARN_UNINITIALIZED_AUTOS = YES_AGGRESSIVE;
				GCC_WARN_UNUSED_FUNCTION = YES;
				GCC_WARN_UNUSED_VARIABLE = YES;
				MACOSX_DEPLOYMENT_TARGET = 13.0;
				MTL_ENABLE_DEBUG_INFO = INCLUDE_SOURCE;
				MTL_FAST_MATH = YES;
				ONLY_ACTIVE_ARCH = YES;
				SDKROOT = macosx;
				SWIFT_ACTIVE_COMPILATION_CONDITIONS = DEBUG;
				SWIFT_OPTIMIZATION_LEVEL = "-Onone";
			};
			name = Debug;
		};
		10A892072997FE320044980A /* Release */ = {
			isa = XCBuildConfiguration;
			buildSettings = {
				ALWAYS_SEARCH_USER_PATHS = NO;
				CLANG_ANALYZER_NONNULL = YES;
				CLANG_ANALYZER_NUMBER_OBJECT_CONVERSION = YES_AGGRESSIVE;
				CLANG_CXX_LANGUAGE_STANDARD = "gnu++20";
				CLANG_ENABLE_MODULES = YES;
				CLANG_ENABLE_OBJC_ARC = YES;
				CLANG_ENABLE_OBJC_WEAK = YES;
				CLANG_WARN_BLOCK_CAPTURE_AUTORELEASING = YES;
				CLANG_WARN_BOOL_CONVERSION = YES;
				CLANG_WARN_COMMA = YES;
				CLANG_WARN_CONSTANT_CONVERSION = YES;
				CLANG_WARN_DEPRECATED_OBJC_IMPLEMENTATIONS = YES;
				CLANG_WARN_DIRECT_OBJC_ISA_USAGE = YES_ERROR;
				CLANG_WARN_DOCUMENTATION_COMMENTS = YES;
				CLANG_WARN_EMPTY_BODY = YES;
				CLANG_WARN_ENUM_CONVERSION = YES;
				CLANG_WARN_INFINITE_RECURSION = YES;
				CLANG_WARN_INT_CONVERSION = YES;
				CLANG_WARN_NON_LITERAL_NULL_CONVERSION = YES;
				CLANG_WARN_OBJC_IMPLICIT_RETAIN_SELF = YES;
				CLANG_WARN_OBJC_LITERAL_CONVERSION = YES;
				CLANG_WARN_OBJC_ROOT_CLASS = YES_ERROR;
				CLANG_WARN_QUOTED_INCLUDE_IN_FRAMEWORK_HEADER = YES;
				CLANG_WARN_RANGE_LOOP_ANALYSIS = YES;
				CLANG_WARN_STRICT_PROTOTYPES = YES;
				CLANG_WARN_SUSPICIOUS_MOVE = YES;
				CLANG_WARN_UNGUARDED_AVAILABILITY = YES_AGGRESSIVE;
				CLANG_WARN_UNREACHABLE_CODE = YES;
				CLANG_WARN__DUPLICATE_METHOD_MATCH = YES;
				COPY_PHASE_STRIP = NO;
				DEBUG_INFORMATION_FORMAT = "dwarf-with-dsym";
				ENABLE_NS_ASSERTIONS = NO;
				ENABLE_STRICT_OBJC_MSGSEND = YES;
				GCC_C_LANGUAGE_STANDARD = gnu11;
				GCC_NO_COMMON_BLOCKS = YES;
				GCC_WARN_64_TO_32_BIT_CONVERSION = YES;
				GCC_WARN_ABOUT_RETURN_TYPE = YES_ERROR;
				GCC_WARN_UNDECLARED_SELECTOR = YES;
				GCC_WARN_UNINITIALIZED_AUTOS = YES_AGGRESSIVE;
				GCC_WARN_UNUSED_FUNCTION = YES;
				GCC_WARN_UNUSED_VARIABLE = YES;
				MACOSX_DEPLOYMENT_TARGET = 13.0;
				MTL_ENABLE_DEBUG_INFO = NO;
				MTL_FAST_MATH = YES;
				SDKROOT = macosx;
				SWIFT_COMPILATION_MODE = wholemodule;
				SWIFT_OPTIMIZATION_LEVEL = "-O";
			};
			name = Release;
		};
		10A892092997FE320044980A /* Debug */ = {
			isa = XCBuildConfiguration;
			buildSettings = {
				CODE_SIGN_STYLE = Automatic;
				DEVELOPMENT_TEAM = FZU84SDGV7;
				ENABLE_HARDENED_RUNTIME = YES;
				PRODUCT_NAME = "$(TARGET_NAME)";
				SWIFT_VERSION = 5.0;
			};
			name = Debug;
		};
		10A8920A2997FE320044980A /* Release */ = {
			isa = XCBuildConfiguration;
			buildSettings = {
				CODE_SIGN_STYLE = Automatic;
				DEVELOPMENT_TEAM = FZU84SDGV7;
				ENABLE_HARDENED_RUNTIME = YES;
				PRODUCT_NAME = "$(TARGET_NAME)";
				SWIFT_VERSION = 5.0;
			};
			name = Release;
		};
/* End XCBuildConfiguration section */

/* Begin XCConfigurationList section */
		10A891FC2997FE320044980A /* Build configuration list for PBXProject "LeetcodeSolutions" */ = {
			isa = XCConfigurationList;
			buildConfigurations = (
				10A892062997FE320044980A /* Debug */,
				10A892072997FE320044980A /* Release */,
			);
			defaultConfigurationIsVisible = 0;
			defaultConfigurationName = Release;
		};
		10A892082997FE320044980A /* Build configuration list for PBXNativeTarget "LeetcodeSolutions" */ = {
			isa = XCConfigurationList;
			buildConfigurations = (
				10A892092997FE320044980A /* Debug */,
				10A8920A2997FE320044980A /* Release */,
			);
			defaultConfigurationIsVisible = 0;
			defaultConfigurationName = Release;
		};
/* End XCConfigurationList section */
	};
	rootObject = 10A891F92997FE320044980A /* Project object */;
}
